
Microsoft Visual Studio Solution File, Format Version 12.00
# Visual Studio 15
VisualStudioVersion = 15.0.28307.271
MinimumVisualStudioVersion = 10.0.40219.1
Project("{FAE04EC0-301F-11D3-BF4B-00C04F79EFBC}") = "DoWhileDemo", "DoWhileDemo\DoWhileDemo.csproj", "{40B84026-4E06-43E2-8C3F-3D8E4F71FF71}"
EndProject
Project("{FAE04EC0-301F-11D3-BF4B-00C04F79EFBC}") = "ForDemo", "ForDemo\ForDemo.csproj", "{014B833D-27B5-466D-8E06-C2FCF61CA888}"
EndProject
Project("{FAE04EC0-301F-11D3-BF4B-00C04F79EFBC}") = "FactorialDemo", "FactorialDemo\FactorialDemo.csproj", "{6941D55F-DA1A-44A3-8908-23283530A1AA}"
EndProject
Project("{FAE04EC0-301F-11D3-BF4B-00C04F79EFBC}") = "CharConvertDemo", "CharConvertDemo\CharConvertDemo.csproj", "{DCF9ECA2-79D3-461F-A469-33CF3C03824B}"
EndProject
Project("{FAE04EC0-301F-11D3-BF4B-00C04F79EFBC}") = "RandomPassDemo", "RandomPassDemo\RandomPassDemo.csproj", "{675917F9-7A53-4387-835E-1BA0D51310E1}"
EndProject
Project("{FAE04EC0-301F-11D3-BF4B-00C04F79EFBC}") = "ArrayDemo", "ArrayDemo\ArrayDemo.csproj", "{13AE40E9-E786-4DF3-9619-935875E0067E}"
EndProject
Project("{FAE04EC0-301F-11D3-BF4B-00C04F79EFBC}") = "RandomArray", "RandomArray\RandomArray.csproj", "{2D4C5FD5-A9E1-4906-ADF0-0889600C922A}"
EndProject
Project("{FAE04EC0-301F-11D3-BF4B-00C04F79EFBC}") = "UniqueRandomArrayDemo1", "UniqueRandomArrayDemo1\UniqueRandomArrayDemo1.csproj", "{719F7E24-A5FD-4D65-B920-79FB923001A9}"
EndProject
Project("{FAE04EC0-301F-11D3-BF4B-00C04F79EFBC}") = "UniqueRandomArrayDemo2", "UniqueRandomArrayDemo2\UniqueRandomArrayDemo2.csproj", "{29B99E41-7E9E-4115-B996-945DACFEBDF1}"
EndProject
Project("{FAE04EC0-301F-11D3-BF4B-00C04F79EFBC}") = "FunctionsDemo", "FunctionsDemo\FunctionsDemo.csproj", "{93707A82-0929-467D-8513-4163B4EBA6AF}"
EndProject
Project("{FAE04EC0-301F-11D3-BF4B-00C04F79EFBC}") = "ImmutableDemo", "ImmutableDemo\ImmutableDemo.csproj", "{7528AFAC-DA13-4DE7-92E2-6136AB8D28F2}"
EndProject
Global
	GlobalSection(SolutionConfigurationPlatforms) = preSolution
		Debug|Any CPU = Debug|Any CPU
		Release|Any CPU = Release|Any CPU
	EndGlobalSection
	GlobalSection(ProjectConfigurationPlatforms) = postSolution
		{40B84026-4E06-43E2-8C3F-3D8E4F71FF71}.Debug|Any CPU.ActiveCfg = Debug|Any CPU
		{40B84026-4E06-43E2-8C3F-3D8E4F71FF71}.Debug|Any CPU.Build.0 = Debug|Any CPU
		{40B84026-4E06-43E2-8C3F-3D8E4F71FF71}.Release|Any CPU.ActiveCfg = Release|Any CPU
		{40B84026-4E06-43E2-8C3F-3D8E4F71FF71}.Release|Any CPU.Build.0 = Release|Any CPU
		{014B833D-27B5-466D-8E06-C2FCF61CA888}.Debug|Any CPU.ActiveCfg = Debug|Any CPU
		{014B833D-27B5-466D-8E06-C2FCF61CA888}.Debug|Any CPU.Build.0 = Debug|Any CPU
		{014B833D-27B5-466D-8E06-C2FCF61CA888}.Release|Any CPU.ActiveCfg = Release|Any CPU
		{014B833D-27B5-466D-8E06-C2FCF61CA888}.Release|Any CPU.Build.0 = Release|Any CPU
		{6941D55F-DA1A-44A3-8908-23283530A1AA}.Debug|Any CPU.ActiveCfg = Debug|Any CPU
		{6941D55F-DA1A-44A3-8908-23283530A1AA}.Debug|Any CPU.Build.0 = Debug|Any CPU
		{6941D55F-DA1A-44A3-8908-23283530A1AA}.Release|Any CPU.ActiveCfg = Release|Any CPU
		{6941D55F-DA1A-44A3-8908-23283530A1AA}.Release|Any CPU.Build.0 = Release|Any CPU
		{DCF9ECA2-79D3-461F-A469-33CF3C03824B}.Debug|Any CPU.ActiveCfg = Debug|Any CPU
		{DCF9ECA2-79D3-461F-A469-33CF3C03824B}.Debug|Any CPU.Build.0 = Debug|Any CPU
		{DCF9ECA2-79D3-461F-A469-33CF3C03824B}.Release|Any CPU.ActiveCfg = Release|Any CPU
		{DCF9ECA2-79D3-461F-A469-33CF3C03824B}.Release|Any CPU.Build.0 = Release|Any CPU
		{675917F9-7A53-4387-835E-1BA0D51310E1}.Debug|Any CPU.ActiveCfg = Debug|Any CPU
		{675917F9-7A53-4387-835E-1BA0D51310E1}.Debug|Any CPU.Build.0 = Debug|Any CPU
		{675917F9-7A53-4387-835E-1BA0D51310E1}.Release|Any CPU.ActiveCfg = Release|Any CPU
		{675917F9-7A53-4387-835E-1BA0D51310E1}.Release|Any CPU.Build.0 = Release|Any CPU
		{13AE40E9-E786-4DF3-9619-935875E0067E}.Debug|Any CPU.ActiveCfg = Debug|Any CPU
		{13AE40E9-E786-4DF3-9619-935875E0067E}.Debug|Any CPU.Build.0 = Debug|Any CPU
		{13AE40E9-E786-4DF3-9619-935875E0067E}.Release|Any CPU.ActiveCfg = Release|Any CPU
		{13AE40E9-E786-4DF3-9619-935875E0067E}.Release|Any CPU.Build.0 = Release|Any CPU
		{2D4C5FD5-A9E1-4906-ADF0-0889600C922A}.Debug|Any CPU.ActiveCfg = Debug|Any CPU
		{2D4C5FD5-A9E1-4906-ADF0-0889600C922A}.Debug|Any CPU.Build.0 = Debug|Any CPU
		{2D4C5FD5-A9E1-4906-ADF0-0889600C922A}.Release|Any CPU.ActiveCfg = Release|Any CPU
		{2D4C5FD5-A9E1-4906-ADF0-0889600C922A}.Release|Any CPU.Build.0 = Release|Any CPU
		{719F7E24-A5FD-4D65-B920-79FB923001A9}.Debug|Any CPU.ActiveCfg = Debug|Any CPU
		{719F7E24-A5FD-4D65-B920-79FB923001A9}.Debug|Any CPU.Build.0 = Debug|Any CPU
		{719F7E24-A5FD-4D65-B920-79FB923001A9}.Release|Any CPU.ActiveCfg = Release|Any CPU
		{719F7E24-A5FD-4D65-B920-79FB923001A9}.Release|Any CPU.Build.0 = Release|Any CPU
		{29B99E41-7E9E-4115-B996-945DACFEBDF1}.Debug|Any CPU.ActiveCfg = Debug|Any CPU
		{29B99E41-7E9E-4115-B996-945DACFEBDF1}.Debug|Any CPU.Build.0 = Debug|Any CPU
		{29B99E41-7E9E-4115-B996-945DACFEBDF1}.Release|Any CPU.ActiveCfg = Release|Any CPU
		{29B99E41-7E9E-4115-B996-945DACFEBDF1}.Release|Any CPU.Build.0 = Release|Any CPU
		{93707A82-0929-467D-8513-4163B4EBA6AF}.Debug|Any CPU.ActiveCfg = Debug|Any CPU
		{93707A82-0929-467D-8513-4163B4EBA6AF}.Debug|Any CPU.Build.0 = Debug|Any CPU
		{93707A82-0929-467D-8513-4163B4EBA6AF}.Release|Any CPU.ActiveCfg = Release|Any CPU
		{93707A82-0929-467D-8513-4163B4EBA6AF}.Release|Any CPU.Build.0 = Release|Any CPU
		{7528AFAC-DA13-4DE7-92E2-6136AB8D28F2}.Debug|Any CPU.ActiveCfg = Debug|Any CPU
		{7528AFAC-DA13-4DE7-92E2-6136AB8D28F2}.Debug|Any CPU.Build.0 = Debug|Any CPU
		{7528AFAC-DA13-4DE7-92E2-6136AB8D28F2}.Release|Any CPU.ActiveCfg = Release|Any CPU
		{7528AFAC-DA13-4DE7-92E2-6136AB8D28F2}.Release|Any CPU.Build.0 = Release|Any CPU
	EndGlobalSection
	GlobalSection(SolutionProperties) = preSolution
		HideSolutionNode = FALSE
	EndGlobalSection
	GlobalSection(ExtensibilityGlobals) = postSolution
		SolutionGuid = {EE9A6198-3826-4C3D-8654-16FB78066538}
	EndGlobalSection
EndGlobal
