
Microsoft Visual Studio Solution File, Format Version 12.00
# Visual Studio 15
VisualStudioVersion = 15.0.28307.271
MinimumVisualStudioVersion = 10.0.40219.1
Project("{FAE04EC0-301F-11D3-BF4B-00C04F79EFBC}") = "FirstCSharpApp", "FirstCSharpApp\FirstCSharpApp.csproj", "{63AA9AC2-BF50-4F7B-95E6-216D14BAA484}"
EndProject
Project("{FAE04EC0-301F-11D3-BF4B-00C04F79EFBC}") = "ConsoleMethodsDemo", "ConsoleMethodsDemo\ConsoleMethodsDemo.csproj", "{7D11F761-AC4E-40C6-86DF-8733C1F2DB3A}"
EndProject
Global
	GlobalSection(SolutionConfigurationPlatforms) = preSolution
		Debug|Any CPU = Debug|Any CPU
		Release|Any CPU = Release|Any CPU
	EndGlobalSection
	GlobalSection(ProjectConfigurationPlatforms) = postSolution
		{63AA9AC2-BF50-4F7B-95E6-216D14BAA484}.Debug|Any CPU.ActiveCfg = Debug|Any CPU
		{63AA9AC2-BF50-4F7B-95E6-216D14BAA484}.Debug|Any CPU.Build.0 = Debug|Any CPU
		{63AA9AC2-BF50-4F7B-95E6-216D14BAA484}.Release|Any CPU.ActiveCfg = Release|Any CPU
		{63AA9AC2-BF50-4F7B-95E6-216D14BAA484}.Release|Any CPU.Build.0 = Release|Any CPU
		{7D11F761-AC4E-40C6-86DF-8733C1F2DB3A}.Debug|Any CPU.ActiveCfg = Debug|Any CPU
		{7D11F761-AC4E-40C6-86DF-8733C1F2DB3A}.Debug|Any CPU.Build.0 = Debug|Any CPU
		{7D11F761-AC4E-40C6-86DF-8733C1F2DB3A}.Release|Any CPU.ActiveCfg = Release|Any CPU
		{7D11F761-AC4E-40C6-86DF-8733C1F2DB3A}.Release|Any CPU.Build.0 = Release|Any CPU
	EndGlobalSection
	GlobalSection(SolutionProperties) = preSolution
		HideSolutionNode = FALSE
	EndGlobalSection
	GlobalSection(ExtensibilityGlobals) = postSolution
		SolutionGuid = {4177F035-451B-4C89-88F3-64FE918E7E69}
	EndGlobalSection
EndGlobal
