
Microsoft Visual Studio Solution File, Format Version 12.00
# Visual Studio 15
VisualStudioVersion = 15.0.28307.271
MinimumVisualStudioVersion = 10.0.40219.1
Project("{FAE04EC0-301F-11D3-BF4B-00C04F79EFBC}") = "PropertiesDemo", "PropertiesDemo\PropertiesDemo.csproj", "{3E2F07BD-9A0D-4382-AB27-2C62D0269A48}"
EndProject
Project("{FAE04EC0-301F-11D3-BF4B-00C04F79EFBC}") = "ObjectDemo", "ObjectDemo\ObjectDemo.csproj", "{9EB9E07C-B121-4E3A-9025-C3812F5FD00B}"
EndProject
Project("{FAE04EC0-301F-11D3-BF4B-00C04F79EFBC}") = "StringHashDemo", "StringHashDemo\StringHashDemo.csproj", "{0A4DF8BE-9338-4C18-94B8-181F76A8900E}"
EndProject
Project("{FAE04EC0-301F-11D3-BF4B-00C04F79EFBC}") = "ParentChildDemo", "ParentChildDemo\ParentChildDemo.csproj", "{6E44A960-1E8D-4AC7-A338-6E29C67693A8}"
EndProject
Project("{FAE04EC0-301F-11D3-BF4B-00C04F79EFBC}") = "InheritanceDemo", "InheritanceDemo\InheritanceDemo.csproj", "{E930708E-281B-4047-B185-02485FC1F789}"
EndProject
Project("{FAE04EC0-301F-11D3-BF4B-00C04F79EFBC}") = "HideDemo", "HideDemo\HideDemo.csproj", "{24B0D1CE-55AB-4809-8FA0-DDD5BE5900E8}"
EndProject
Global
	GlobalSection(SolutionConfigurationPlatforms) = preSolution
		Debug|Any CPU = Debug|Any CPU
		Release|Any CPU = Release|Any CPU
	EndGlobalSection
	GlobalSection(ProjectConfigurationPlatforms) = postSolution
		{3E2F07BD-9A0D-4382-AB27-2C62D0269A48}.Debug|Any CPU.ActiveCfg = Debug|Any CPU
		{3E2F07BD-9A0D-4382-AB27-2C62D0269A48}.Debug|Any CPU.Build.0 = Debug|Any CPU
		{3E2F07BD-9A0D-4382-AB27-2C62D0269A48}.Release|Any CPU.ActiveCfg = Release|Any CPU
		{3E2F07BD-9A0D-4382-AB27-2C62D0269A48}.Release|Any CPU.Build.0 = Release|Any CPU
		{9EB9E07C-B121-4E3A-9025-C3812F5FD00B}.Debug|Any CPU.ActiveCfg = Debug|Any CPU
		{9EB9E07C-B121-4E3A-9025-C3812F5FD00B}.Debug|Any CPU.Build.0 = Debug|Any CPU
		{9EB9E07C-B121-4E3A-9025-C3812F5FD00B}.Release|Any CPU.ActiveCfg = Release|Any CPU
		{9EB9E07C-B121-4E3A-9025-C3812F5FD00B}.Release|Any CPU.Build.0 = Release|Any CPU
		{0A4DF8BE-9338-4C18-94B8-181F76A8900E}.Debug|Any CPU.ActiveCfg = Debug|Any CPU
		{0A4DF8BE-9338-4C18-94B8-181F76A8900E}.Debug|Any CPU.Build.0 = Debug|Any CPU
		{0A4DF8BE-9338-4C18-94B8-181F76A8900E}.Release|Any CPU.ActiveCfg = Release|Any CPU
		{0A4DF8BE-9338-4C18-94B8-181F76A8900E}.Release|Any CPU.Build.0 = Release|Any CPU
		{6E44A960-1E8D-4AC7-A338-6E29C67693A8}.Debug|Any CPU.ActiveCfg = Debug|Any CPU
		{6E44A960-1E8D-4AC7-A338-6E29C67693A8}.Debug|Any CPU.Build.0 = Debug|Any CPU
		{6E44A960-1E8D-4AC7-A338-6E29C67693A8}.Release|Any CPU.ActiveCfg = Release|Any CPU
		{6E44A960-1E8D-4AC7-A338-6E29C67693A8}.Release|Any CPU.Build.0 = Release|Any CPU
		{E930708E-281B-4047-B185-02485FC1F789}.Debug|Any CPU.ActiveCfg = Debug|Any CPU
		{E930708E-281B-4047-B185-02485FC1F789}.Debug|Any CPU.Build.0 = Debug|Any CPU
		{E930708E-281B-4047-B185-02485FC1F789}.Release|Any CPU.ActiveCfg = Release|Any CPU
		{E930708E-281B-4047-B185-02485FC1F789}.Release|Any CPU.Build.0 = Release|Any CPU
		{24B0D1CE-55AB-4809-8FA0-DDD5BE5900E8}.Debug|Any CPU.ActiveCfg = Debug|Any CPU
		{24B0D1CE-55AB-4809-8FA0-DDD5BE5900E8}.Debug|Any CPU.Build.0 = Debug|Any CPU
		{24B0D1CE-55AB-4809-8FA0-DDD5BE5900E8}.Release|Any CPU.ActiveCfg = Release|Any CPU
		{24B0D1CE-55AB-4809-8FA0-DDD5BE5900E8}.Release|Any CPU.Build.0 = Release|Any CPU
	EndGlobalSection
	GlobalSection(SolutionProperties) = preSolution
		HideSolutionNode = FALSE
	EndGlobalSection
	GlobalSection(ExtensibilityGlobals) = postSolution
		SolutionGuid = {76E67C99-2EDF-49B0-921B-0D7F33C153F8}
	EndGlobalSection
EndGlobal
