
Microsoft Visual Studio Solution File, Format Version 12.00
# Visual Studio 15
VisualStudioVersion = 15.0.28307.271
MinimumVisualStudioVersion = 10.0.40219.1
Project("{FAE04EC0-301F-11D3-BF4B-00C04F79EFBC}") = "GitCloneDemo", "GitCloneDemo\GitCloneDemo.csproj", "{58A627B3-58F3-488E-8554-DC3A9644E096}"
EndProject
Project("{FAE04EC0-301F-11D3-BF4B-00C04F79EFBC}") = "EFCodeFirstDemo", "EFCodeFirstDemo\EFCodeFirstDemo.csproj", "{7679E984-529A-468F-8E2B-4B48F969012D}"
EndProject
Global
	GlobalSection(SolutionConfigurationPlatforms) = preSolution
		Debug|Any CPU = Debug|Any CPU
		Release|Any CPU = Release|Any CPU
	EndGlobalSection
	GlobalSection(ProjectConfigurationPlatforms) = postSolution
		{58A627B3-58F3-488E-8554-DC3A9644E096}.Debug|Any CPU.ActiveCfg = Debug|Any CPU
		{58A627B3-58F3-488E-8554-DC3A9644E096}.Debug|Any CPU.Build.0 = Debug|Any CPU
		{58A627B3-58F3-488E-8554-DC3A9644E096}.Release|Any CPU.ActiveCfg = Release|Any CPU
		{58A627B3-58F3-488E-8554-DC3A9644E096}.Release|Any CPU.Build.0 = Release|Any CPU
		{7679E984-529A-468F-8E2B-4B48F969012D}.Debug|Any CPU.ActiveCfg = Debug|Any CPU
		{7679E984-529A-468F-8E2B-4B48F969012D}.Debug|Any CPU.Build.0 = Debug|Any CPU
		{7679E984-529A-468F-8E2B-4B48F969012D}.Release|Any CPU.ActiveCfg = Release|Any CPU
		{7679E984-529A-468F-8E2B-4B48F969012D}.Release|Any CPU.Build.0 = Release|Any CPU
	EndGlobalSection
	GlobalSection(SolutionProperties) = preSolution
		HideSolutionNode = FALSE
	EndGlobalSection
	GlobalSection(ExtensibilityGlobals) = postSolution
		SolutionGuid = {56196055-DF1D-407E-9A42-7DD3419689AF}
	EndGlobalSection
EndGlobal
